lockfileVersion: '6.0'

settings:
  autoInstallPeers: true
  excludeLinksFromLockfile: false

dependencies:
  livekit-client:
    specifier: ^2.0.10
    version: 2.4.2

devDependencies:
  prettier:
    specifier: ^3.3.3
    version: 3.3.3
  typescript:
    specifier: ^5.1.3
    version: 5.5.4

packages:
  /@bufbuild/protobuf@1.10.0:
    resolution:
      { integrity: sha512-QDdVFLoN93Zjg36NoQPZfsVH9tZew7wKDKyV5qRdj8ntT4wQCOradQjRaTdwMhWUYsgKsvCINKKm87FdEk96Ag== }
    dev: false

  /@livekit/protocol@1.19.1:
    resolution:
      { integrity: sha512-PQYIuqRv++fRik9tKulJ0C0tT5O4cNviBA7OxwLTCBFDxJpve8ua8/JZ+nK+7r4j2KbLfVjsJYop9wcTCgRn7Q== }
    dependencies:
      '@bufbuild/protobuf': 1.10.0
    dev: false

  /events@3.3.0:
    resolution:
      { integrity: sha512-mQw+2fkQbALzQ7V0MY0IqdnXNOeTtP4r0lN9z7AAawCXgqea7bDii20AYrIBrFd/Hx0M2Ocz6S111CaFkUcb0Q== }
    engines: { node: '>=0.8.x' }
    dev: false

  /livekit-client@2.4.2:
    resolution:
      { integrity: sha512-6iEeDiaon9TvH0L0t34wSApGk6In8Rpl538Dgh9hrxts2kq0scuxMTz2ipagFVIVGYOKceKBA2dnv/XOL+1ACw== }
    dependencies:
      '@livekit/protocol': 1.19.1
      events: 3.3.0
      loglevel: 1.9.1
      sdp-transform: 2.14.2
      ts-debounce: 4.0.0
      tslib: 2.6.3
      typed-emitter: 2.1.0
      webrtc-adapter: 9.0.1
    dev: false

  /loglevel@1.9.1:
    resolution:
      { integrity: sha512-hP3I3kCrDIMuRwAwHltphhDM1r8i55H33GgqjXbrisuJhF4kRhW1dNuxsRklp4bXl8DSdLaNLuiL4A/LWRfxvg== }
    engines: { node: '>= 0.6.0' }
    dev: false

  /prettier@3.3.3:
    resolution:
      { integrity: sha512-i2tDNA0O5IrMO757lfrdQZCc2jPNDVntV0m/+4whiDfWaTKfMNgR7Qz0NAeGz/nRqF4m5/6CLzbP4/liHt12Ew== }
    engines: { node: '>=14' }
    hasBin: true
    dev: true

  /rxjs@7.8.1:
    resolution:
      { integrity: sha512-AA3TVj+0A2iuIoQkWEK/tqFjBq2j+6PO6Y0zJcvzLAFhEFIO3HL0vls9hWLncZbAAbK0mar7oZ4V079I/qPMxg== }
    requiresBuild: true
    dependencies:
      tslib: 2.6.3
    dev: false
    optional: true

  /sdp-transform@2.14.2:
    resolution:
      { integrity: sha512-icY6jVao7MfKCieyo1AyxFYm1baiM+fA00qW/KrNNVlkxHAd34riEKuEkUe4bBb3gJwLJZM+xT60Yj1QL8rHiA== }
    hasBin: true
    dev: false

  /sdp@3.2.0:
    resolution:
      { integrity: sha512-d7wDPgDV3DDiqulJjKiV2865wKsJ34YI+NDREbm+FySq6WuKOikwyNQcm+doLAZ1O6ltdO0SeKle2xMpN3Brgw== }
    dev: false

  /ts-debounce@4.0.0:
    resolution:
      { integrity: sha512-+1iDGY6NmOGidq7i7xZGA4cm8DAa6fqdYcvO5Z6yBevH++Bdo9Qt/mN0TzHUgcCcKv1gmh9+W5dHqz8pMWbCbg== }
    dev: false

  /tslib@2.6.3:
    resolution:
      { integrity: sha512-xNvxJEOUiWPGhUuUdQgAJPKOOJfGnIyKySOc09XkKsgdUV/3E2zvwZYdejjmRgPCgcym1juLH3226yA7sEFJKQ== }
    dev: false

  /typed-emitter@2.1.0:
    resolution:
      { integrity: sha512-g/KzbYKbH5C2vPkaXGu8DJlHrGKHLsM25Zg9WuC9pMGfuvT+X25tZQWo5fK1BjBm8+UrVE9LDCvaY0CQk+fXDA== }
    optionalDependencies:
      rxjs: 7.8.1
    dev: false

  /typescript@5.5.4:
    resolution:
      { integrity: sha512-Mtq29sKDAEYP7aljRgtPOpTvOfbwRWlS6dPRzwjdE+C0R4brX/GUyhHSecbHMFLNBLcJIPt9nl9yG5TZ1weH+Q== }
    engines: { node: '>=14.17' }
    hasBin: true
    dev: true

  /webrtc-adapter@9.0.1:
    resolution:
      { integrity: sha512-1AQO+d4ElfVSXyzNVTOewgGT/tAomwwztX/6e3totvyyzXPvXIIuUUjAmyZGbKBKbZOXauuJooZm3g6IuFuiNQ== }
    engines: { node: '>=6.0.0', npm: '>=3.10.0' }
    dependencies:
      sdp: 3.2.0
    dev: false
